// !$*UTF8*$!
{
	archiveVersion = 1;
	classes = {
	};
	objectVersion = 48;
	objects = {

/* Begin PBXBuildFile section */
		0705423121B10B96009BCE5A /* WeekWeatherViewController.swift in Sources */ = {isa = PBXBuildFile; fileRef = 0705423021B10B96009BCE5A /* WeekWeatherViewController.swift */; };
		0705423421B10CAA009BCE5A /* WeekWeatherTableViewCell.swift in Sources */ = {isa = PBXBuildFile; fileRef = 0705423321B10CAA009BCE5A /* WeekWeatherTableViewCell.swift */; };
		0705423621B10D8F009BCE5A /* ForecastData.swift in Sources */ = {isa = PBXBuildFile; fileRef = 0705423521B10D8F009BCE5A /* ForecastData.swift */; };
		0705423821B10E4D009BCE5A /* WeekWeatherViewModel.swift in Sources */ = {isa = PBXBuildFile; fileRef = 0705423721B10E4D009BCE5A /* WeekWeatherViewModel.swift */; };
		0705423A21B112A7009BCE5A /* UserDefaults.swift in Sources */ = {isa = PBXBuildFile; fileRef = 0705423921B112A7009BCE5A /* UserDefaults.swift */; };
		0705423D21B11629009BCE5A /* SettingsTableViewController.swift in Sources */ = {isa = PBXBuildFile; fileRef = 0705423C21B11629009BCE5A /* SettingsTableViewController.swift */; };
		0705424021B1164A009BCE5A /* SettingsTableViewCell.swift in Sources */ = {isa = PBXBuildFile; fileRef = 0705423F21B1164A009BCE5A /* SettingsTableViewCell.swift */; };
		0705424321B11D3E009BCE5A /* SettingsDateViewModel.swift in Sources */ = {isa = PBXBuildFile; fileRef = 0705424221B11D3E009BCE5A /* SettingsDateViewModel.swift */; };
		0705424521B11D69009BCE5A /* SettingsTemperatureViewModel.swift in Sources */ = {isa = PBXBuildFile; fileRef = 0705424421B11D69009BCE5A /* SettingsTemperatureViewModel.swift */; };
		0705424821B11D8A009BCE5A /* ContentRepresentable.swift in Sources */ = {isa = PBXBuildFile; fileRef = 0705424721B11D8A009BCE5A /* ContentRepresentable.swift */; };
		0705424A21B12142009BCE5A /* WeekWeatherDayViewModel.swift in Sources */ = {isa = PBXBuildFile; fileRef = 0705424921B12142009BCE5A /* WeekWeatherDayViewModel.swift */; };
		0705424D21B1216E009BCE5A /* WeekWeatherDayRepresentable.swift in Sources */ = {isa = PBXBuildFile; fileRef = 0705424C21B1216E009BCE5A /* WeekWeatherDayRepresentable.swift */; };
		0705425421B1238F009BCE5A /* DarkSky.json in Resources */ = {isa = PBXBuildFile; fileRef = 0705424F21B1238F009BCE5A /* DarkSky.json */; };
		0705425721B1238F009BCE5A /* XCTestCase.swift in Sources */ = {isa = PBXBuildFile; fileRef = 0705425321B1238F009BCE5A /* XCTestCase.swift */; };
		0705425C21B124A3009BCE5A /* MockURLSession.swift in Sources */ = {isa = PBXBuildFile; fileRef = 2CBA9BD82057F66300A65DC6 /* MockURLSession.swift */; };
		0705425D21B124A3009BCE5A /* MockURLSessionDataTask.swift in Sources */ = {isa = PBXBuildFile; fileRef = 2CBA9BDE2057F93900A65DC6 /* MockURLSessionDataTask.swift */; };
		0705426321B12552009BCE5A /* CurrentWeatherViewModelTests.swift in Sources */ = {isa = PBXBuildFile; fileRef = 0705425E21B12551009BCE5A /* CurrentWeatherViewModelTests.swift */; };
		0705426421B12552009BCE5A /* SettingsDateViewModelTests.swift in Sources */ = {isa = PBXBuildFile; fileRef = 0705425F21B12551009BCE5A /* SettingsDateViewModelTests.swift */; };
		0705426521B12552009BCE5A /* WeekWeatherDayViewModelTests.swift in Sources */ = {isa = PBXBuildFile; fileRef = 0705426021B12551009BCE5A /* WeekWeatherDayViewModelTests.swift */; };
		0705426621B12552009BCE5A /* WeekWeatherViewModelTests.swift in Sources */ = {isa = PBXBuildFile; fileRef = 0705426121B12551009BCE5A /* WeekWeatherViewModelTests.swift */; };
		0705426721B12552009BCE5A /* SettingsTemperatureViewModelTests.swift in Sources */ = {isa = PBXBuildFile; fileRef = 0705426221B12551009BCE5A /* SettingsTemperatureViewModelTests.swift */; };
		0705426921B12864009BCE5A /* Main.storyboard in Resources */ = {isa = PBXBuildFile; fileRef = 0705426821B12864009BCE5A /* Main.storyboard */; };
		0705427421B128F4009BCE5A /* LocationsViewModel.swift in Sources */ = {isa = PBXBuildFile; fileRef = 0705426C21B128F3009BCE5A /* LocationsViewModel.swift */; };
		0705427621B128F4009BCE5A /* LocationsViewController.swift in Sources */ = {isa = PBXBuildFile; fileRef = 0705426E21B128F3009BCE5A /* LocationsViewController.swift */; };
		0705427721B128F4009BCE5A /* LocationTableViewCell.swift in Sources */ = {isa = PBXBuildFile; fileRef = 0705427021B128F3009BCE5A /* LocationTableViewCell.swift */; };
		0705427821B128F4009BCE5A /* AddLocationViewController.swift in Sources */ = {isa = PBXBuildFile; fileRef = 0705427121B128F3009BCE5A /* AddLocationViewController.swift */; };
		0705427921B128F4009BCE5A /* LocationRepresentable.swift in Sources */ = {isa = PBXBuildFile; fileRef = 0705427321B128F3009BCE5A /* LocationRepresentable.swift */; };
		0705427B21B12969009BCE5A /* CLLocation.swift in Sources */ = {isa = PBXBuildFile; fileRef = 0705427A21B12969009BCE5A /* CLLocation.swift */; };
		2CBA9B902057D0A400A65DC6 /* AppDelegate.swift in Sources */ = {isa = PBXBuildFile; fileRef = 2CBA9B8F2057D0A400A65DC6 /* AppDelegate.swift */; };
		2CBA9B922057D0A400A65DC6 /* RootViewController.swift in Sources */ = {isa = PBXBuildFile; fileRef = 2CBA9B912057D0A400A65DC6 /* RootViewController.swift */; };
		2CBA9B972057D0A400A65DC6 /* Assets.xcassets in Resources */ = {isa = PBXBuildFile; fileRef = 2CBA9B962057D0A400A65DC6 /* Assets.xcassets */; };
		2CBA9B9A2057D0A400A65DC6 /* LaunchScreen.storyboard in Resources */ = {isa = PBXBuildFile; fileRef = 2CBA9B982057D0A400A65DC6 /* LaunchScreen.storyboard */; };
		2CBA9BC42057D19300A65DC6 /* Default-568h@2x.png in Resources */ = {isa = PBXBuildFile; fileRef = 2CBA9BC32057D19300A65DC6 /* Default-568h@2x.png */; };
		2CBA9BC72057DA0B00A65DC6 /* Configuration.swift in Sources */ = {isa = PBXBuildFile; fileRef = 2CBA9BC62057DA0B00A65DC6 /* Configuration.swift */; };
		2CBA9BCA2057DBD300A65DC6 /* Location.swift in Sources */ = {isa = PBXBuildFile; fileRef = 2CBA9BC92057DBD300A65DC6 /* Location.swift */; };
		2CBA9BCC2057EC8700A65DC6 /* WeatherData.swift in Sources */ = {isa = PBXBuildFile; fileRef = 2CBA9BCB2057EC8700A65DC6 /* WeatherData.swift */; };
		2CBA9BCF2057ED7500A65DC6 /* WeatherDataManager.swift in Sources */ = {isa = PBXBuildFile; fileRef = 2CBA9BCE2057ED7500A65DC6 /* WeatherDataManager.swift */; };
		2CBA9BD12057F2A700A65DC6 /* WeatherDataManagerTest.swift in Sources */ = {isa = PBXBuildFile; fileRef = 2CBA9BD02057F2A700A65DC6 /* WeatherDataManagerTest.swift */; };
		2CBA9BD42057F4A900A65DC6 /* URLSessionProtocal.swift in Sources */ = {isa = PBXBuildFile; fileRef = 2CBA9BD32057F4A900A65DC6 /* URLSessionProtocal.swift */; };
		2CBA9BD72057F5CA00A65DC6 /* URLSession.swift in Sources */ = {isa = PBXBuildFile; fileRef = 2CBA9BD62057F5CA00A65DC6 /* URLSession.swift */; };
		2CBA9BDB2057F7AA00A65DC6 /* URLSessionDataTaskProtocal.swift in Sources */ = {isa = PBXBuildFile; fileRef = 2CBA9BDA2057F7AA00A65DC6 /* URLSessionDataTaskProtocal.swift */; };
		2CBA9BDD2057F7DA00A65DC6 /* URLSessionDataTask.swift in Sources */ = {isa = PBXBuildFile; fileRef = 2CBA9BDC2057F7DA00A65DC6 /* URLSessionDataTask.swift */; };
		2CBA9BE32058FF7E00A65DC6 /* WeatherViewController.swift in Sources */ = {isa = PBXBuildFile; fileRef = 2CBA9BE22058FF7E00A65DC6 /* WeatherViewController.swift */; };
		2CBA9BE5205901C100A65DC6 /* CurrentWeatherViewController.swift in Sources */ = {isa = PBXBuildFile; fileRef = 2CBA9BE4205901C100A65DC6 /* CurrentWeatherViewController.swift */; };
		2CBA9BE72059042E00A65DC6 /* Double.swift in Sources */ = {isa = PBXBuildFile; fileRef = 2CBA9BE62059042E00A65DC6 /* Double.swift */; };
		2CBA9BEC20591E2200A65DC6 /* CurrentWeatherViewModel.swift in Sources */ = {isa = PBXBuildFile; fileRef = 2CBA9BEB20591E2200A65DC6 /* CurrentWeatherViewModel.swift */; };
		2CBA9BEE20591F8E00A65DC6 /* UIImage.swift in Sources */ = {isa = PBXBuildFile; fileRef = 2CBA9BED20591F8E00A65DC6 /* UIImage.swift */; };
		2CBA9BF02059281C00A65DC6 /* CurrentWeatherUITests.swift in Sources */ = {isa = PBXBuildFile; fileRef = 2CBA9BEF2059281C00A65DC6 /* CurrentWeatherUITests.swift */; };
/* End PBXBuildFile section */

/* Begin PBXContainerItemProxy section */
		2CBA9BA12057D0A400A65DC6 /* PBXContainerItemProxy */ = {
			isa = PBXContainerItemProxy;
			containerPortal = 2CBA9B842057D0A400A65DC6 /* Project object */;
			proxyType = 1;
			remoteGlobalIDString = 2CBA9B8B2057D0A400A65DC6;
			remoteInfo = Sky;
		};
		2CBA9BAC2057D0A400A65DC6 /* PBXContainerItemProxy */ = {
			isa = PBXContainerItemProxy;
			containerPortal = 2CBA9B842057D0A400A65DC6 /* Project object */;
			proxyType = 1;
			remoteGlobalIDString = 2CBA9B8B2057D0A400A65DC6;
			remoteInfo = Sky;
		};
/* End PBXContainerItemProxy section */

/* Begin PBXFileReference section */
		0705423021B10B96009BCE5A /* WeekWeatherViewController.swift */ = {isa = PBXFileReference; lastKnownFileType = sourcecode.swift; path = WeekWeatherViewController.swift; sourceTree = "<group>"; };
		0705423321B10CAA009BCE5A /* WeekWeatherTableViewCell.swift */ = {isa = PBXFileReference; lastKnownFileType = sourcecode.swift; path = WeekWeatherTableViewCell.swift; sourceTree = "<group>"; };
		0705423521B10D8F009BCE5A /* ForecastData.swift */ = {isa = PBXFileReference; lastKnownFileType = sourcecode.swift; path = ForecastData.swift; sourceTree = "<group>"; };
		0705423721B10E4D009BCE5A /* WeekWeatherViewModel.swift */ = {isa = PBXFileReference; lastKnownFileType = sourcecode.swift; path = WeekWeatherViewModel.swift; sourceTree = "<group>"; };
		0705423921B112A7009BCE5A /* UserDefaults.swift */ = {isa = PBXFileReference; lastKnownFileType = sourcecode.swift; path = UserDefaults.swift; sourceTree = "<group>"; };
		0705423C21B11629009BCE5A /* SettingsTableViewController.swift */ = {isa = PBXFileReference; lastKnownFileType = sourcecode.swift; path = SettingsTableViewController.swift; sourceTree = "<group>"; };
		0705423F21B1164A009BCE5A /* SettingsTableViewCell.swift */ = {isa = PBXFileReference; lastKnownFileType = sourcecode.swift; path = SettingsTableViewCell.swift; sourceTree = "<group>"; };
		0705424221B11D3E009BCE5A /* SettingsDateViewModel.swift */ = {isa = PBXFileReference; lastKnownFileType = sourcecode.swift; path = SettingsDateViewModel.swift; sourceTree = "<group>"; };
		0705424421B11D69009BCE5A /* SettingsTemperatureViewModel.swift */ = {isa = PBXFileReference; lastKnownFileType = sourcecode.swift; path = SettingsTemperatureViewModel.swift; sourceTree = "<group>"; };
		0705424721B11D8A009BCE5A /* ContentRepresentable.swift */ = {isa = PBXFileReference; fileEncoding = 4; lastKnownFileType = sourcecode.swift; path = ContentRepresentable.swift; sourceTree = "<group>"; };
		0705424921B12142009BCE5A /* WeekWeatherDayViewModel.swift */ = {isa = PBXFileReference; lastKnownFileType = sourcecode.swift; path = WeekWeatherDayViewModel.swift; sourceTree = "<group>"; };
		0705424C21B1216E009BCE5A /* WeekWeatherDayRepresentable.swift */ = {isa = PBXFileReference; lastKnownFileType = sourcecode.swift; path = WeekWeatherDayRepresentable.swift; sourceTree = "<group>"; };
		0705424F21B1238F009BCE5A /* DarkSky.json */ = {isa = PBXFileReference; fileEncoding = 4; lastKnownFileType = text.json; path = DarkSky.json; sourceTree = "<group>"; };
		0705425321B1238F009BCE5A /* XCTestCase.swift */ = {isa = PBXFileReference; fileEncoding = 4; lastKnownFileType = sourcecode.swift; path = XCTestCase.swift; sourceTree = "<group>"; };
		0705425E21B12551009BCE5A /* CurrentWeatherViewModelTests.swift */ = {isa = PBXFileReference; fileEncoding = 4; lastKnownFileType = sourcecode.swift; path = CurrentWeatherViewModelTests.swift; sourceTree = "<group>"; };
		0705425F21B12551009BCE5A /* SettingsDateViewModelTests.swift */ = {isa = PBXFileReference; fileEncoding = 4; lastKnownFileType = sourcecode.swift; path = SettingsDateViewModelTests.swift; sourceTree = "<group>"; };
		0705426021B12551009BCE5A /* WeekWeatherDayViewModelTests.swift */ = {isa = PBXFileReference; fileEncoding = 4; lastKnownFileType = sourcecode.swift; path = WeekWeatherDayViewModelTests.swift; sourceTree = "<group>"; };
		0705426121B12551009BCE5A /* WeekWeatherViewModelTests.swift */ = {isa = PBXFileReference; fileEncoding = 4; lastKnownFileType = sourcecode.swift; path = WeekWeatherViewModelTests.swift; sourceTree = "<group>"; };
		0705426221B12551009BCE5A /* SettingsTemperatureViewModelTests.swift */ = {isa = PBXFileReference; fileEncoding = 4; lastKnownFileType = sourcecode.swift; path = SettingsTemperatureViewModelTests.swift; sourceTree = "<group>"; };
		0705426821B12864009BCE5A /* Main.storyboard */ = {isa = PBXFileReference; fileEncoding = 4; lastKnownFileType = file.storyboard; path = Main.storyboard; sourceTree = "<group>"; };
		0705426C21B128F3009BCE5A /* LocationsViewModel.swift */ = {isa = PBXFileReference; fileEncoding = 4; lastKnownFileType = sourcecode.swift; path = LocationsViewModel.swift; sourceTree = "<group>"; };
		0705426E21B128F3009BCE5A /* LocationsViewController.swift */ = {isa = PBXFileReference; fileEncoding = 4; lastKnownFileType = sourcecode.swift; path = LocationsViewController.swift; sourceTree = "<group>"; };
		0705427021B128F3009BCE5A /* LocationTableViewCell.swift */ = {isa = PBXFileReference; fileEncoding = 4; lastKnownFileType = sourcecode.swift; path = LocationTableViewCell.swift; sourceTree = "<group>"; };
		0705427121B128F3009BCE5A /* AddLocationViewController.swift */ = {isa = PBXFileReference; fileEncoding = 4; lastKnownFileType = sourcecode.swift; path = AddLocationViewController.swift; sourceTree = "<group>"; };
		0705427321B128F3009BCE5A /* LocationRepresentable.swift */ = {isa = PBXFileReference; fileEncoding = 4; lastKnownFileType = sourcecode.swift; path = LocationRepresentable.swift; sourceTree = "<group>"; };
		0705427A21B12969009BCE5A /* CLLocation.swift */ = {isa = PBXFileReference; fileEncoding = 4; lastKnownFileType = sourcecode.swift; path = CLLocation.swift; sourceTree = "<group>"; };
		2CBA9B8C2057D0A400A65DC6 /* Sky.app */ = {isa = PBXFileReference; explicitFileType = wrapper.application; includeInIndex = 0; path = Sky.app; sourceTree = BUILT_PRODUCTS_DIR; };
		2CBA9B8F2057D0A400A65DC6 /* AppDelegate.swift */ = {isa = PBXFileReference; lastKnownFileType = sourcecode.swift; path = AppDelegate.swift; sourceTree = "<group>"; };
		2CBA9B912057D0A400A65DC6 /* RootViewController.swift */ = {isa = PBXFileReference; lastKnownFileType = sourcecode.swift; path = RootViewController.swift; sourceTree = "<group>"; };
		2CBA9B962057D0A400A65DC6 /* Assets.xcassets */ = {isa = PBXFileReference; lastKnownFileType = folder.assetcatalog; path = Assets.xcassets; sourceTree = "<group>"; };
		2CBA9B992057D0A400A65DC6 /* Base */ = {isa = PBXFileReference; lastKnownFileType = file.storyboard; name = Base; path = Base.lproj/LaunchScreen.storyboard; sourceTree = "<group>"; };
		2CBA9B9B2057D0A400A65DC6 /* Info.plist */ = {isa = PBXFileReference; lastKnownFileType = text.plist.xml; path = Info.plist; sourceTree = "<group>"; };
		2CBA9BA02057D0A400A65DC6 /* SkyTests.xctest */ = {isa = PBXFileReference; explicitFileType = wrapper.cfbundle; includeInIndex = 0; path = SkyTests.xctest; sourceTree = BUILT_PRODUCTS_DIR; };
		2CBA9BA62057D0A400A65DC6 /* Info.plist */ = {isa = PBXFileReference; lastKnownFileType = text.plist.xml; path = Info.plist; sourceTree = "<group>"; };
		2CBA9BAB2057D0A400A65DC6 /* SkyUITests.xctest */ = {isa = PBXFileReference; explicitFileType = wrapper.cfbundle; includeInIndex = 0; path = SkyUITests.xctest; sourceTree = BUILT_PRODUCTS_DIR; };
		2CBA9BB12057D0A400A65DC6 /* Info.plist */ = {isa = PBXFileReference; lastKnownFileType = text.plist.xml; path = Info.plist; sourceTree = "<group>"; };
		2CBA9BC32057D19300A65DC6 /* Default-568h@2x.png */ = {isa = PBXFileReference; lastKnownFileType = image.png; path = "Default-568h@2x.png"; sourceTree = "<group>"; };
		2CBA9BC62057DA0B00A65DC6 /* Configuration.swift */ = {isa = PBXFileReference; lastKnownFileType = sourcecode.swift; path = Configuration.swift; sourceTree = "<group>"; };
		2CBA9BC92057DBD300A65DC6 /* Location.swift */ = {isa = PBXFileReference; lastKnownFileType = sourcecode.swift; path = Location.swift; sourceTree = "<group>"; };
		2CBA9BCB2057EC8700A65DC6 /* WeatherData.swift */ = {isa = PBXFileReference; lastKnownFileType = sourcecode.swift; path = WeatherData.swift; sourceTree = "<group>"; };
		2CBA9BCE2057ED7500A65DC6 /* WeatherDataManager.swift */ = {isa = PBXFileReference; lastKnownFileType = sourcecode.swift; path = WeatherDataManager.swift; sourceTree = "<group>"; };
		2CBA9BD02057F2A700A65DC6 /* WeatherDataManagerTest.swift */ = {isa = PBXFileReference; lastKnownFileType = sourcecode.swift; path = WeatherDataManagerTest.swift; sourceTree = "<group>"; };
		2CBA9BD32057F4A900A65DC6 /* URLSessionProtocal.swift */ = {isa = PBXFileReference; lastKnownFileType = sourcecode.swift; path = URLSessionProtocal.swift; sourceTree = "<group>"; };
		2CBA9BD62057F5CA00A65DC6 /* URLSession.swift */ = {isa = PBXFileReference; lastKnownFileType = sourcecode.swift; path = URLSession.swift; sourceTree = "<group>"; };
		2CBA9BD82057F66300A65DC6 /* MockURLSession.swift */ = {isa = PBXFileReference; lastKnownFileType = sourcecode.swift; path = MockURLSession.swift; sourceTree = "<group>"; };
		2CBA9BDA2057F7AA00A65DC6 /* URLSessionDataTaskProtocal.swift */ = {isa = PBXFileReference; lastKnownFileType = sourcecode.swift; path = URLSessionDataTaskProtocal.swift; sourceTree = "<group>"; };
		2CBA9BDC2057F7DA00A65DC6 /* URLSessionDataTask.swift */ = {isa = PBXFileReference; lastKnownFileType = sourcecode.swift; path = URLSessionDataTask.swift; sourceTree = "<group>"; };
		2CBA9BDE2057F93900A65DC6 /* MockURLSessionDataTask.swift */ = {isa = PBXFileReference; lastKnownFileType = sourcecode.swift; path = MockURLSessionDataTask.swift; sourceTree = "<group>"; };
		2CBA9BE22058FF7E00A65DC6 /* WeatherViewController.swift */ = {isa = PBXFileReference; lastKnownFileType = sourcecode.swift; path = WeatherViewController.swift; sourceTree = "<group>"; };
		2CBA9BE4205901C100A65DC6 /* CurrentWeatherViewController.swift */ = {isa = PBXFileReference; lastKnownFileType = sourcecode.swift; path = CurrentWeatherViewController.swift; sourceTree = "<group>"; };
		2CBA9BE62059042E00A65DC6 /* Double.swift */ = {isa = PBXFileReference; lastKnownFileType = sourcecode.swift; path = Double.swift; sourceTree = "<group>"; };
		2CBA9BEB20591E2200A65DC6 /* CurrentWeatherViewModel.swift */ = {isa = PBXFileReference; lastKnownFileType = sourcecode.swift; path = CurrentWeatherViewModel.swift; sourceTree = "<group>"; };
		2CBA9BED20591F8E00A65DC6 /* UIImage.swift */ = {isa = PBXFileReference; lastKnownFileType = sourcecode.swift; path = UIImage.swift; sourceTree = "<group>"; };
		2CBA9BEF2059281C00A65DC6 /* CurrentWeatherUITests.swift */ = {isa = PBXFileReference; lastKnownFileType = sourcecode.swift; path = CurrentWeatherUITests.swift; sourceTree = "<group>"; };
/* End PBXFileReference section */

/* Begin PBXFrameworksBuildPhase section */
		2CBA9B892057D0A400A65DC6 /* Frameworks */ = {
			isa = PBXFrameworksBuildPhase;
			buildActionMask = 2147483647;
			files = (
			);
			runOnlyForDeploymentPostprocessing = 0;
		};
		2CBA9B9D2057D0A400A65DC6 /* Frameworks */ = {
			isa = PBXFrameworksBuildPhase;
			buildActionMask = 2147483647;
			files = (
			);
			runOnlyForDeploymentPostprocessing = 0;
		};
		2CBA9BA82057D0A400A65DC6 /* Frameworks */ = {
			isa = PBXFrameworksBuildPhase;
			buildActionMask = 2147483647;
			files = (
			);
			runOnlyForDeploymentPostprocessing = 0;
		};
/* End PBXFrameworksBuildPhase section */

/* Begin PBXGroup section */
		0705423221B10C80009BCE5A /* TableViewCell */ = {
			isa = PBXGroup;
			children = (
				0705423321B10CAA009BCE5A /* WeekWeatherTableViewCell.swift */,
			);
			path = TableViewCell;
			sourceTree = "<group>";
		};
		0705423B21B115FD009BCE5A /* SettingViewController */ = {
			isa = PBXGroup;
			children = (
				0705423C21B11629009BCE5A /* SettingsTableViewController.swift */,
				0705424621B11D8A009BCE5A /* Protocol */,
				0705424121B11CF3009BCE5A /* ViewModels */,
				0705423E21B11640009BCE5A /* TableViewCell */,
			);
			path = SettingViewController;
			sourceTree = "<group>";
		};
		0705423E21B11640009BCE5A /* TableViewCell */ = {
			isa = PBXGroup;
			children = (
				0705423F21B1164A009BCE5A /* SettingsTableViewCell.swift */,
			);
			path = TableViewCell;
			sourceTree = "<group>";
		};
		0705424121B11CF3009BCE5A /* ViewModels */ = {
			isa = PBXGroup;
			children = (
				0705424221B11D3E009BCE5A /* SettingsDateViewModel.swift */,
				0705424421B11D69009BCE5A /* SettingsTemperatureViewModel.swift */,
			);
			path = ViewModels;
			sourceTree = "<group>";
		};
		0705424621B11D8A009BCE5A /* Protocol */ = {
			isa = PBXGroup;
			children = (
				0705424721B11D8A009BCE5A /* ContentRepresentable.swift */,
			);
			path = Protocol;
			sourceTree = "<group>";
		};
		0705424B21B12166009BCE5A /* Protocol */ = {
			isa = PBXGroup;
			children = (
				0705424C21B1216E009BCE5A /* WeekWeatherDayRepresentable.swift */,
			);
			path = Protocol;
			sourceTree = "<group>";
		};
		0705424E21B1238F009BCE5A /* Stubs */ = {
			isa = PBXGroup;
			children = (
				0705424F21B1238F009BCE5A /* DarkSky.json */,
				2CBA9BD82057F66300A65DC6 /* MockURLSession.swift */,
				2CBA9BDE2057F93900A65DC6 /* MockURLSessionDataTask.swift */,
			);
			path = Stubs;
			sourceTree = "<group>";
		};
		0705425221B1238F009BCE5A /* Extensions */ = {
			isa = PBXGroup;
			children = (
				0705425321B1238F009BCE5A /* XCTestCase.swift */,
			);
			path = Extensions;
			sourceTree = "<group>";
		};
		0705425821B1239D009BCE5A /* SupportingFiles */ = {
			isa = PBXGroup;
			children = (
				2CBA9BA62057D0A400A65DC6 /* Info.plist */,
			);
			path = SupportingFiles;
			sourceTree = "<group>";
		};
		0705425921B123B5009BCE5A /* TestCases */ = {
			isa = PBXGroup;
			children = (
				2CBA9BD02057F2A700A65DC6 /* WeatherDataManagerTest.swift */,
				0705425E21B12551009BCE5A /* CurrentWeatherViewModelTests.swift */,
				0705425F21B12551009BCE5A /* SettingsDateViewModelTests.swift */,
				0705426221B12551009BCE5A /* SettingsTemperatureViewModelTests.swift */,
				0705426021B12551009BCE5A /* WeekWeatherDayViewModelTests.swift */,
				0705426121B12551009BCE5A /* WeekWeatherViewModelTests.swift */,
			);
			path = TestCases;
			sourceTree = "<group>";
		};
		0705426A21B128F3009BCE5A /* LocationsViewController */ = {
			isa = PBXGroup;
			children = (
				0705427121B128F3009BCE5A /* AddLocationViewController.swift */,
				0705426E21B128F3009BCE5A /* LocationsViewController.swift */,
				0705426B21B128F3009BCE5A /* ViewModels */,
				0705426F21B128F3009BCE5A /* TableViewCells */,
				0705427221B128F3009BCE5A /* Protocols */,
			);
			path = LocationsViewController;
			sourceTree = "<group>";
		};
		0705426B21B128F3009BCE5A /* ViewModels */ = {
			isa = PBXGroup;
			children = (
				0705426C21B128F3009BCE5A /* LocationsViewModel.swift */,
			);
			path = ViewModels;
			sourceTree = "<group>";
		};
		0705426F21B128F3009BCE5A /* TableViewCells */ = {
			isa = PBXGroup;
			children = (
				0705427021B128F3009BCE5A /* LocationTableViewCell.swift */,
			);
			path = TableViewCells;
			sourceTree = "<group>";
		};
		0705427221B128F3009BCE5A /* Protocols */ = {
			isa = PBXGroup;
			children = (
				0705427321B128F3009BCE5A /* LocationRepresentable.swift */,
			);
			path = Protocols;
			sourceTree = "<group>";
		};
		2CBA9B832057D0A400A65DC6 = {
			isa = PBXGroup;
			children = (
				2CBA9BC32057D19300A65DC6 /* Default-568h@2x.png */,
				2CBA9B8E2057D0A400A65DC6 /* Sky */,
				2CBA9BA32057D0A400A65DC6 /* SkyTests */,
				2CBA9BAE2057D0A400A65DC6 /* SkyUITests */,
				2CBA9B8D2057D0A400A65DC6 /* Products */,
			);
			sourceTree = "<group>";
		};
		2CBA9B8D2057D0A400A65DC6 /* Products */ = {
			isa = PBXGroup;
			children = (
				2CBA9B8C2057D0A400A65DC6 /* Sky.app */,
				2CBA9BA02057D0A400A65DC6 /* SkyTests.xctest */,
				2CBA9BAB2057D0A400A65DC6 /* SkyUITests.xctest */,
			);
			name = Products;
			sourceTree = "<group>";
		};
		2CBA9B8E2057D0A400A65DC6 /* Sky */ = {
			isa = PBXGroup;
			children = (
				2CBA9BCD2057ED6600A65DC6 /* Manager */,
				2CBA9BD22057F47E00A65DC6 /* Protocols */,
				2CBA9BC82057DBB800A65DC6 /* Models */,
				2CBA9BC12057D0F800A65DC6 /* ViewControllers */,
				2CBA9BD52057F5BE00A65DC6 /* Extensions */,
				2CBA9BC52057D9E200A65DC6 /* Configuration */,
				2CBA9BBD2057D0AF00A65DC6 /* Delegates */,
				2CBA9BBF2057D0CB00A65DC6 /* Resources */,
				2CBA9BC02057D0E400A65DC6 /* Storyboards */,
				2CBA9BC22057D10300A65DC6 /* SupportingFiles */,
			);
			path = Sky;
			sourceTree = "<group>";
		};
		2CBA9BA32057D0A400A65DC6 /* SkyTests */ = {
			isa = PBXGroup;
			children = (
				0705425921B123B5009BCE5A /* TestCases */,
				0705425821B1239D009BCE5A /* SupportingFiles */,
				0705425221B1238F009BCE5A /* Extensions */,
				0705424E21B1238F009BCE5A /* Stubs */,
			);
			path = SkyTests;
			sourceTree = "<group>";
		};
		2CBA9BAE2057D0A400A65DC6 /* SkyUITests */ = {
			isa = PBXGroup;
			children = (
				2CBA9BB12057D0A400A65DC6 /* Info.plist */,
				2CBA9BEF2059281C00A65DC6 /* CurrentWeatherUITests.swift */,
			);
			path = SkyUITests;
			sourceTree = "<group>";
		};
		2CBA9BBD2057D0AF00A65DC6 /* Delegates */ = {
			isa = PBXGroup;
			children = (
				2CBA9B8F2057D0A400A65DC6 /* AppDelegate.swift */,
			);
			path = Delegates;
			sourceTree = "<group>";
		};
		2CBA9BBF2057D0CB00A65DC6 /* Resources */ = {
			isa = PBXGroup;
			children = (
				2CBA9B962057D0A400A65DC6 /* Assets.xcassets */,
			);
			path = Resources;
			sourceTree = "<group>";
		};
		2CBA9BC02057D0E400A65DC6 /* Storyboards */ = {
			isa = PBXGroup;
			children = (
				0705426821B12864009BCE5A /* Main.storyboard */,
				2CBA9B982057D0A400A65DC6 /* LaunchScreen.storyboard */,
			);
			path = Storyboards;
			sourceTree = "<group>";
		};
		2CBA9BC12057D0F800A65DC6 /* ViewControllers */ = {
			isa = PBXGroup;
			children = (
				2CBA9BE82059081E00A65DC6 /* RootViewController */,
				2CBA9BE12058FF5F00A65DC6 /* WeatherViewControllers */,
				0705426A21B128F3009BCE5A /* LocationsViewController */,
				0705423B21B115FD009BCE5A /* SettingViewController */,
			);
			path = ViewControllers;
			sourceTree = "<group>";
		};
		2CBA9BC22057D10300A65DC6 /* SupportingFiles */ = {
			isa = PBXGroup;
			children = (
				2CBA9B9B2057D0A400A65DC6 /* Info.plist */,
			);
			path = SupportingFiles;
			sourceTree = "<group>";
		};
		2CBA9BC52057D9E200A65DC6 /* Configuration */ = {
			isa = PBXGroup;
			children = (
				2CBA9BC62057DA0B00A65DC6 /* Configuration.swift */,
			);
			path = Configuration;
			sourceTree = "<group>";
		};
		2CBA9BC82057DBB800A65DC6 /* Models */ = {
			isa = PBXGroup;
			children = (
				2CBA9BC92057DBD300A65DC6 /* Location.swift */,
				2CBA9BCB2057EC8700A65DC6 /* WeatherData.swift */,
				0705423521B10D8F009BCE5A /* ForecastData.swift */,
			);
			path = Models;
			sourceTree = "<group>";
		};
		2CBA9BCD2057ED6600A65DC6 /* Manager */ = {
			isa = PBXGroup;
			children = (
				2CBA9BCE2057ED7500A65DC6 /* WeatherDataManager.swift */,
			);
			path = Manager;
			sourceTree = "<group>";
		};
		2CBA9BD22057F47E00A65DC6 /* Protocols */ = {
			isa = PBXGroup;
			children = (
				2CBA9BD32057F4A900A65DC6 /* URLSessionProtocal.swift */,
				2CBA9BDA2057F7AA00A65DC6 /* URLSessionDataTaskProtocal.swift */,
			);
			path = Protocols;
			sourceTree = "<group>";
		};
		2CBA9BD52057F5BE00A65DC6 /* Extensions */ = {
			isa = PBXGroup;
			children = (
				2CBA9BD62057F5CA00A65DC6 /* URLSession.swift */,
				2CBA9BDC2057F7DA00A65DC6 /* URLSessionDataTask.swift */,
				2CBA9BE62059042E00A65DC6 /* Double.swift */,
				2CBA9BED20591F8E00A65DC6 /* UIImage.swift */,
				0705423921B112A7009BCE5A /* UserDefaults.swift */,
				0705427A21B12969009BCE5A /* CLLocation.swift */,
			);
			path = Extensions;
			sourceTree = "<group>";
		};
		2CBA9BE12058FF5F00A65DC6 /* WeatherViewControllers */ = {
			isa = PBXGroup;
			children = (
				2CBA9BE22058FF7E00A65DC6 /* WeatherViewController.swift */,
				2CBA9BE4205901C100A65DC6 /* CurrentWeatherViewController.swift */,
				0705423021B10B96009BCE5A /* WeekWeatherViewController.swift */,
				0705424B21B12166009BCE5A /* Protocol */,
				0705423221B10C80009BCE5A /* TableViewCell */,
				2CBA9BEA20591E0A00A65DC6 /* ViewModels */,
			);
			path = WeatherViewControllers;
			sourceTree = "<group>";
		};
		2CBA9BE82059081E00A65DC6 /* RootViewController */ = {
			isa = PBXGroup;
			children = (
				2CBA9B912057D0A400A65DC6 /* RootViewController.swift */,
			);
			path = RootViewController;
			sourceTree = "<group>";
		};
		2CBA9BEA20591E0A00A65DC6 /* ViewModels */ = {
			isa = PBXGroup;
			children = (
				2CBA9BEB20591E2200A65DC6 /* CurrentWeatherViewModel.swift */,
				0705423721B10E4D009BCE5A /* WeekWeatherViewModel.swift */,
				0705424921B12142009BCE5A /* WeekWeatherDayViewModel.swift */,
			);
			path = ViewModels;
			sourceTree = "<group>";
		};
/* End PBXGroup section */

/* Begin PBXNativeTarget section */
		2CBA9B8B2057D0A400A65DC6 /* Sky */ = {
			isa = PBXNativeTarget;
			buildConfigurationList = 2CBA9BB42057D0A400A65DC6 /* Build configuration list for PBXNativeTarget "Sky" */;
			buildPhases = (
				2CBA9B882057D0A400A65DC6 /* Sources */,
				2CBA9B892057D0A400A65DC6 /* Frameworks */,
				2CBA9B8A2057D0A400A65DC6 /* Resources */,
			);
			buildRules = (
			);
			dependencies = (
			);
			name = Sky;
			productName = Sky;
			productReference = 2CBA9B8C2057D0A400A65DC6 /* Sky.app */;
			productType = "com.apple.product-type.application";
		};
		2CBA9B9F2057D0A400A65DC6 /* SkyTests */ = {
			isa = PBXNativeTarget;
			buildConfigurationList = 2CBA9BB72057D0A400A65DC6 /* Build configuration list for PBXNativeTarget "SkyTests" */;
			buildPhases = (
				2CBA9B9C2057D0A400A65DC6 /* Sources */,
				2CBA9B9D2057D0A400A65DC6 /* Frameworks */,
				2CBA9B9E2057D0A400A65DC6 /* Resources */,
			);
			buildRules = (
			);
			dependencies = (
				2CBA9BA22057D0A400A65DC6 /* PBXTargetDependency */,
			);
			name = SkyTests;
			productName = SkyTests;
			productReference = 2CBA9BA02057D0A400A65DC6 /* SkyTests.xctest */;
			productType = "com.apple.product-type.bundle.unit-test";
		};
		2CBA9BAA2057D0A400A65DC6 /* SkyUITests */ = {
			isa = PBXNativeTarget;
			buildConfigurationList = 2CBA9BBA2057D0A400A65DC6 /* Build configuration list for PBXNativeTarget "SkyUITests" */;
			buildPhases = (
				2CBA9BA72057D0A400A65DC6 /* Sources */,
				2CBA9BA82057D0A400A65DC6 /* Frameworks */,
				2CBA9BA92057D0A400A65DC6 /* Resources */,
			);
			buildRules = (
			);
			dependencies = (
				2CBA9BAD2057D0A400A65DC6 /* PBXTargetDependency */,
			);
			name = SkyUITests;
			productName = SkyUITests;
			productReference = 2CBA9BAB2057D0A400A65DC6 /* SkyUITests.xctest */;
			productType = "com.apple.product-type.bundle.ui-testing";
		};
/* End PBXNativeTarget section */

/* Begin PBXProject section */
		2CBA9B842057D0A400A65DC6 /* Project object */ = {
			isa = PBXProject;
			attributes = {
				LastSwiftUpdateCheck = 0920;
				LastUpgradeCheck = 1010;
				ORGANIZATIONNAME = "Qing's";
				TargetAttributes = {
					2CBA9B8B2057D0A400A65DC6 = {
						CreatedOnToolsVersion = 9.2;
						ProvisioningStyle = Automatic;
					};
					2CBA9B9F2057D0A400A65DC6 = {
						CreatedOnToolsVersion = 9.2;
						LastSwiftMigration = 0920;
						ProvisioningStyle = Automatic;
						TestTargetID = 2CBA9B8B2057D0A400A65DC6;
					};
					2CBA9BAA2057D0A400A65DC6 = {
						CreatedOnToolsVersion = 9.2;
						LastSwiftMigration = 0920;
						ProvisioningStyle = Automatic;
						TestTargetID = 2CBA9B8B2057D0A400A65DC6;
					};
				};
			};
			buildConfigurationList = 2CBA9B872057D0A400A65DC6 /* Build configuration list for PBXProject "Sky" */;
			compatibilityVersion = "Xcode 8.0";
			developmentRegion = en;
			hasScannedForEncodings = 0;
			knownRegions = (
				en,
				Base,
			);
			mainGroup = 2CBA9B832057D0A400A65DC6;
			productRefGroup = 2CBA9B8D2057D0A400A65DC6 /* Products */;
			projectDirPath = "";
			projectRoot = "";
			targets = (
				2CBA9B8B2057D0A400A65DC6 /* Sky */,
				2CBA9B9F2057D0A400A65DC6 /* SkyTests */,
				2CBA9BAA2057D0A400A65DC6 /* SkyUITests */,
			);
		};
/* End PBXProject section */

/* Begin PBXResourcesBuildPhase section */
		2CBA9B8A2057D0A400A65DC6 /* Resources */ = {
			isa = PBXResourcesBuildPhase;
			buildActionMask = 2147483647;
			files = (
				2CBA9B9A2057D0A400A65DC6 /* LaunchScreen.storyboard in Resources */,
				2CBA9BC42057D19300A65DC6 /* Default-568h@2x.png in Resources */,
				2CBA9B972057D0A400A65DC6 /* Assets.xcassets in Resources */,
				0705426921B12864009BCE5A /* Main.storyboard in Resources */,
			);
			runOnlyForDeploymentPostprocessing = 0;
		};
		2CBA9B9E2057D0A400A65DC6 /* Resources */ = {
			isa = PBXResourcesBuildPhase;
			buildActionMask = 2147483647;
			files = (
				0705425421B1238F009BCE5A /* DarkSky.json in Resources */,
			);
			runOnlyForDeploymentPostprocessing = 0;
		};
		2CBA9BA92057D0A400A65DC6 /* Resources */ = {
			isa = PBXResourcesBuildPhase;
			buildActionMask = 2147483647;
			files = (
			);
			runOnlyForDeploymentPostprocessing = 0;
		};
/* End PBXResourcesBuildPhase section */

/* Begin PBXSourcesBuildPhase section */
		2CBA9B882057D0A400A65DC6 /* Sources */ = {
			isa = PBXSourcesBuildPhase;
			buildActionMask = 2147483647;
			files = (
				2CBA9BCF2057ED7500A65DC6 /* WeatherDataManager.swift in Sources */,
				2CBA9BC72057DA0B00A65DC6 /* Configuration.swift in Sources */,
				2CBA9BDB2057F7AA00A65DC6 /* URLSessionDataTaskProtocal.swift in Sources */,
				0705427421B128F4009BCE5A /* LocationsViewModel.swift in Sources */,
				0705427821B128F4009BCE5A /* AddLocationViewController.swift in Sources */,
				0705423821B10E4D009BCE5A /* WeekWeatherViewModel.swift in Sources */,
				2CBA9BDD2057F7DA00A65DC6 /* URLSessionDataTask.swift in Sources */,
				0705427721B128F4009BCE5A /* LocationTableViewCell.swift in Sources */,
				2CBA9BE72059042E00A65DC6 /* Double.swift in Sources */,
				0705424821B11D8A009BCE5A /* ContentRepresentable.swift in Sources */,
				0705424021B1164A009BCE5A /* SettingsTableViewCell.swift in Sources */,
				0705423121B10B96009BCE5A /* WeekWeatherViewController.swift in Sources */,
				0705423421B10CAA009BCE5A /* WeekWeatherTableViewCell.swift in Sources */,
				2CBA9BD72057F5CA00A65DC6 /* URLSession.swift in Sources */,
				0705424321B11D3E009BCE5A /* SettingsDateViewModel.swift in Sources */,
				0705424A21B12142009BCE5A /* WeekWeatherDayViewModel.swift in Sources */,
				2CBA9BEE20591F8E00A65DC6 /* UIImage.swift in Sources */,
				2CBA9BCC2057EC8700A65DC6 /* WeatherData.swift in Sources */,
				2CBA9B922057D0A400A65DC6 /* RootViewController.swift in Sources */,
				2CBA9BD42057F4A900A65DC6 /* URLSessionProtocal.swift in Sources */,
				2CBA9BCA2057DBD300A65DC6 /* Location.swift in Sources */,
				0705424D21B1216E009BCE5A /* WeekWeatherDayRepresentable.swift in Sources */,
				0705424521B11D69009BCE5A /* SettingsTemperatureViewModel.swift in Sources */,
				2CBA9B902057D0A400A65DC6 /* AppDelegate.swift in Sources */,
				0705427B21B12969009BCE5A /* CLLocation.swift in Sources */,
				2CBA9BE32058FF7E00A65DC6 /* WeatherViewController.swift in Sources */,
				0705423A21B112A7009BCE5A /* UserDefaults.swift in Sources */,
				0705427621B128F4009BCE5A /* LocationsViewController.swift in Sources */,
				0705427921B128F4009BCE5A /* LocationRepresentable.swift in Sources */,
				2CBA9BE5205901C100A65DC6 /* CurrentWeatherViewController.swift in Sources */,
				0705423621B10D8F009BCE5A /* ForecastData.swift in Sources */,
				2CBA9BEC20591E2200A65DC6 /* CurrentWeatherViewModel.swift in Sources */,
				0705423D21B11629009BCE5A /* SettingsTableViewController.swift in Sources */,
			);
			runOnlyForDeploymentPostprocessing = 0;
		};
		2CBA9B9C2057D0A400A65DC6 /* Sources */ = {
			isa = PBXSourcesBuildPhase;
			buildActionMask = 2147483647;
			files = (
				0705426421B12552009BCE5A /* SettingsDateViewModelTests.swift in Sources */,
				0705425C21B124A3009BCE5A /* MockURLSession.swift in Sources */,
				0705426521B12552009BCE5A /* WeekWeatherDayViewModelTests.swift in Sources */,
				0705425D21B124A3009BCE5A /* MockURLSessionDataTask.swift in Sources */,
				0705426321B12552009BCE5A /* CurrentWeatherViewModelTests.swift in Sources */,
				0705426621B12552009BCE5A /* WeekWeatherViewModelTests.swift in Sources */,
				0705425721B1238F009BCE5A /* XCTestCase.swift in Sources */,
				2CBA9BD12057F2A700A65DC6 /* WeatherDataManagerTest.swift in Sources */,
				0705426721B12552009BCE5A /* SettingsTemperatureViewModelTests.swift in Sources */,
			);
			runOnlyForDeploymentPostprocessing = 0;
		};
		2CBA9BA72057D0A400A65DC6 /* Sources */ = {
			isa = PBXSourcesBuildPhase;
			buildActionMask = 2147483647;
			files = (
				2CBA9BF02059281C00A65DC6 /* CurrentWeatherUITests.swift in Sources */,
			);
			runOnlyForDeploymentPostprocessing = 0;
		};
/* End PBXSourcesBuildPhase section */

/* Begin PBXTargetDependency section */
		2CBA9BA22057D0A400A65DC6 /* PBXTargetDependency */ = {
			isa = PBXTargetDependency;
			target = 2CBA9B8B2057D0A400A65DC6 /* Sky */;
			targetProxy = 2CBA9BA12057D0A400A65DC6 /* PBXContainerItemProxy */;
		};
		2CBA9BAD2057D0A400A65DC6 /* PBXTargetDependency */ = {
			isa = PBXTargetDependency;
			target = 2CBA9B8B2057D0A400A65DC6 /* Sky */;
			targetProxy = 2CBA9BAC2057D0A400A65DC6 /* PBXContainerItemProxy */;
		};
/* End PBXTargetDependency section */

/* Begin PBXVariantGroup section */
		2CBA9B982057D0A400A65DC6 /* LaunchScreen.storyboard */ = {
			isa = PBXVariantGroup;
			children = (
				2CBA9B992057D0A400A65DC6 /* Base */,
			);
			name = LaunchScreen.storyboard;
			sourceTree = "<group>";
		};
/* End PBXVariantGroup section */

/* Begin XCBuildConfiguration section */
		2CBA9BB22057D0A400A65DC6 /* Debug */ = {
			isa = XCBuildConfiguration;
			buildSettings = {
				ALWAYS_SEARCH_USER_PATHS = NO;
				CLANG_ANALYZER_NONNULL = YES;
				CLANG_ANALYZER_NUMBER_OBJECT_CONVERSION = YES_AGGRESSIVE;
				CLANG_CXX_LANGUAGE_STANDARD = "gnu++14";
				CLANG_CXX_LIBRARY = "libc++";
				CLANG_ENABLE_MODULES = YES;
				CLANG_ENABLE_OBJC_ARC = YES;
				CLANG_WARN_BLOCK_CAPTURE_AUTORELEASING = YES;
				CLANG_WARN_BOOL_CONVERSION = YES;
				CLANG_WARN_COMMA = YES;
				CLANG_WARN_CONSTANT_CONVERSION = YES;
				CLANG_WARN_DEPRECATED_OBJC_IMPLEMENTATIONS = YES;
				CLANG_WARN_DIRECT_OBJC_ISA_USAGE = YES_ERROR;
				CLANG_WARN_DOCUMENTATION_COMMENTS = YES;
				CLANG_WARN_EMPTY_BODY = YES;
				CLANG_WARN_ENUM_CONVERSION = YES;
				CLANG_WARN_INFINITE_RECURSION = YES;
				CLANG_WARN_INT_CONVERSION = YES;
				CLANG_WARN_NON_LITERAL_NULL_CONVERSION = YES;
				CLANG_WARN_OBJC_IMPLICIT_RETAIN_SELF = YES;
				CLANG_WARN_OBJC_LITERAL_CONVERSION = YES;
				CLANG_WARN_OBJC_ROOT_CLASS = YES_ERROR;
				CLANG_WARN_RANGE_LOOP_ANALYSIS = YES;
				CLANG_WARN_STRICT_PROTOTYPES = YES;
				CLANG_WARN_SUSPICIOUS_MOVE = YES;
				CLANG_WARN_UNGUARDED_AVAILABILITY = YES_AGGRESSIVE;
				CLANG_WARN_UNREACHABLE_CODE = YES;
				CLANG_WARN__DUPLICATE_METHOD_MATCH = YES;
				CODE_SIGN_IDENTITY = "iPhone Developer";
				COPY_PHASE_STRIP = NO;
				DEBUG_INFORMATION_FORMAT = dwarf;
				ENABLE_STRICT_OBJC_MSGSEND = YES;
				ENABLE_TESTABILITY = YES;
				GCC_C_LANGUAGE_STANDARD = gnu11;
				GCC_DYNAMIC_NO_PIC = NO;
				GCC_NO_COMMON_BLOCKS = YES;
				GCC_OPTIMIZATION_LEVEL = 0;
				GCC_PREPROCESSOR_DEFINITIONS = (
					"DEBUG=1",
					"$(inherited)",
				);
				GCC_WARN_64_TO_32_BIT_CONVERSION = YES;
				GCC_WARN_ABOUT_RETURN_TYPE = YES_ERROR;
				GCC_WARN_UNDECLARED_SELECTOR = YES;
				GCC_WARN_UNINITIALIZED_AUTOS = YES_AGGRESSIVE;
				GCC_WARN_UNUSED_FUNCTION = YES;
				GCC_WARN_UNUSED_VARIABLE = YES;
				IPHONEOS_DEPLOYMENT_TARGET = 11.2;
				MTL_ENABLE_DEBUG_INFO = YES;
				ONLY_ACTIVE_ARCH = YES;
				SDKROOT = iphoneos;
				SWIFT_ACTIVE_COMPILATION_CONDITIONS = DEBUG;
				SWIFT_OPTIMIZATION_LEVEL = "-Onone";
			};
			name = Debug;
		};
		2CBA9BB32057D0A400A65DC6 /* Release */ = {
			isa = XCBuildConfiguration;
			buildSettings = {
				ALWAYS_SEARCH_USER_PATHS = NO;
				CLANG_ANALYZER_NONNULL = YES;
				CLANG_ANALYZER_NUMBER_OBJECT_CONVERSION = YES_AGGRESSIVE;
				CLANG_CXX_LANGUAGE_STANDARD = "gnu++14";
				CLANG_CXX_LIBRARY = "libc++";
				CLANG_ENABLE_MODULES = YES;
				CLANG_ENABLE_OBJC_ARC = YES;
				CLANG_WARN_BLOCK_CAPTURE_AUTORELEASING = YES;
				CLANG_WARN_BOOL_CONVERSION = YES;
				CLANG_WARN_COMMA = YES;
				CLANG_WARN_CONSTANT_CONVERSION = YES;
				CLANG_WARN_DEPRECATED_OBJC_IMPLEMENTATIONS = YES;
				CLANG_WARN_DIRECT_OBJC_ISA_USAGE = YES_ERROR;
				CLANG_WARN_DOCUMENTATION_COMMENTS = YES;
				CLANG_WARN_EMPTY_BODY = YES;
				CLANG_WARN_ENUM_CONVERSION = YES;
				CLANG_WARN_INFINITE_RECURSION = YES;
				CLANG_WARN_INT_CONVERSION = YES;
				CLANG_WARN_NON_LITERAL_NULL_CONVERSION = YES;
				CLANG_WARN_OBJC_IMPLICIT_RETAIN_SELF = YES;
				CLANG_WARN_OBJC_LITERAL_CONVERSION = YES;
				CLANG_WARN_OBJC_ROOT_CLASS = YES_ERROR;
				CLANG_WARN_RANGE_LOOP_ANALYSIS = YES;
				CLANG_WARN_STRICT_PROTOTYPES = YES;
				CLANG_WARN_SUSPICIOUS_MOVE = YES;
				CLANG_WARN_UNGUARDED_AVAILABILITY = YES_AGGRESSIVE;
				CLANG_WARN_UNREACHABLE_CODE = YES;
				CLANG_WARN__DUPLICATE_METHOD_MATCH = YES;
				CODE_SIGN_IDENTITY = "iPhone Developer";
				COPY_PHASE_STRIP = NO;
				DEBUG_INFORMATION_FORMAT = "dwarf-with-dsym";
				ENABLE_NS_ASSERTIONS = NO;
				ENABLE_STRICT_OBJC_MSGSEND = YES;
				GCC_C_LANGUAGE_STANDARD = gnu11;
				GCC_NO_COMMON_BLOCKS = YES;
				GCC_WARN_64_TO_32_BIT_CONVERSION = YES;
				GCC_WARN_ABOUT_RETURN_TYPE = YES_ERROR;
				GCC_WARN_UNDECLARED_SELECTOR = YES;
				GCC_WARN_UNINITIALIZED_AUTOS = YES_AGGRESSIVE;
				GCC_WARN_UNUSED_FUNCTION = YES;
				GCC_WARN_UNUSED_VARIABLE = YES;
				IPHONEOS_DEPLOYMENT_TARGET = 11.2;
				MTL_ENABLE_DEBUG_INFO = NO;
				SDKROOT = iphoneos;
				SWIFT_OPTIMIZATION_LEVEL = "-Owholemodule";
				VALIDATE_PRODUCT = YES;
			};
			name = Release;
		};
		2CBA9BB52057D0A400A65DC6 /* Debug */ = {
			isa = XCBuildConfiguration;
			buildSettings = {
				ASSETCATALOG_COMPILER_APPICON_NAME = AppIcon;
				CODE_SIGN_STYLE = Automatic;
				DEVELOPMENT_TEAM = CJX8PPSTJ2;
				INFOPLIST_FILE = "$(SRCROOT)/Sky/SupportingFiles/Info.plist";
				LD_RUNPATH_SEARCH_PATHS = "$(inherited) @executable_path/Frameworks";
				PRODUCT_BUNDLE_IDENTIFIER = Enroute.Sky;
				PRODUCT_NAME = "$(TARGET_NAME)";
				SWIFT_VERSION = 4.2;
				TARGETED_DEVICE_FAMILY = 1;
			};
			name = Debug;
		};
		2CBA9BB62057D0A400A65DC6 /* Release */ = {
			isa = XCBuildConfiguration;
			buildSettings = {
				ASSETCATALOG_COMPILER_APPICON_NAME = AppIcon;
				CODE_SIGN_STYLE = Automatic;
				DEVELOPMENT_TEAM = CJX8PPSTJ2;
				INFOPLIST_FILE = "$(SRCROOT)/Sky/SupportingFiles/Info.plist";
				LD_RUNPATH_SEARCH_PATHS = "$(inherited) @executable_path/Frameworks";
				PRODUCT_BUNDLE_IDENTIFIER = Enroute.Sky;
				PRODUCT_NAME = "$(TARGET_NAME)";
				SWIFT_VERSION = 4.2;
				TARGETED_DEVICE_FAMILY = 1;
			};
			name = Release;
		};
		2CBA9BB82057D0A400A65DC6 /* Debug */ = {
			isa = XCBuildConfiguration;
			buildSettings = {
				ALWAYS_EMBED_SWIFT_STANDARD_LIBRARIES = YES;
				BUNDLE_LOADER = "$(TEST_HOST)";
				CLANG_ENABLE_MODULES = YES;
				CODE_SIGN_STYLE = Automatic;
				DEVELOPMENT_TEAM = CJX8PPSTJ2;
				INFOPLIST_FILE = SkyTests/SupportingFiles/Info.plist;
				LD_RUNPATH_SEARCH_PATHS = "$(inherited) @executable_path/Frameworks @loader_path/Frameworks";
				PRODUCT_BUNDLE_IDENTIFIER = Enroute.SkyTests;
				PRODUCT_NAME = "$(TARGET_NAME)";
				SWIFT_OPTIMIZATION_LEVEL = "-Onone";
				SWIFT_VERSION = 4.0;
				TARGETED_DEVICE_FAMILY = "1,2";
				TEST_HOST = "$(BUILT_PRODUCTS_DIR)/Sky.app/Sky";
			};
			name = Debug;
		};
		2CBA9BB92057D0A400A65DC6 /* Release */ = {
			isa = XCBuildConfiguration;
			buildSettings = {
				ALWAYS_EMBED_SWIFT_STANDARD_LIBRARIES = YES;
				BUNDLE_LOADER = "$(TEST_HOST)";
				CLANG_ENABLE_MODULES = YES;
				CODE_SIGN_STYLE = Automatic;
				DEVELOPMENT_TEAM = CJX8PPSTJ2;
				INFOPLIST_FILE = SkyTests/SupportingFiles/Info.plist;
				LD_RUNPATH_SEARCH_PATHS = "$(inherited) @executable_path/Frameworks @loader_path/Frameworks";
				PRODUCT_BUNDLE_IDENTIFIER = Enroute.SkyTests;
				PRODUCT_NAME = "$(TARGET_NAME)";
				SWIFT_VERSION = 4.0;
				TARGETED_DEVICE_FAMILY = "1,2";
				TEST_HOST = "$(BUILT_PRODUCTS_DIR)/Sky.app/Sky";
			};
			name = Release;
		};
		2CBA9BBB2057D0A400A65DC6 /* Debug */ = {
			isa = XCBuildConfiguration;
			buildSettings = {
				ALWAYS_EMBED_SWIFT_STANDARD_LIBRARIES = YES;
				CLANG_ENABLE_MODULES = YES;
				CODE_SIGN_STYLE = Automatic;
				DEVELOPMENT_TEAM = CJX8PPSTJ2;
				INFOPLIST_FILE = SkyUITests/Info.plist;
				LD_RUNPATH_SEARCH_PATHS = "$(inherited) @executable_path/Frameworks @loader_path/Frameworks";
				PRODUCT_BUNDLE_IDENTIFIER = Enroute.SkyUITests;
				PRODUCT_NAME = "$(TARGET_NAME)";
				SWIFT_OPTIMIZATION_LEVEL = "-Onone";
				SWIFT_VERSION = 4.0;
				TARGETED_DEVICE_FAMILY = "1,2";
				TEST_TARGET_NAME = Sky;
			};
			name = Debug;
		};
		2CBA9BBC2057D0A400A65DC6 /* Release */ = {
			isa = XCBuildConfiguration;
			buildSettings = {
				ALWAYS_EMBED_SWIFT_STANDARD_LIBRARIES = YES;
				CLANG_ENABLE_MODULES = YES;
				CODE_SIGN_STYLE = Automatic;
				DEVELOPMENT_TEAM = CJX8PPSTJ2;
				INFOPLIST_FILE = SkyUITests/Info.plist;
				LD_RUNPATH_SEARCH_PATHS = "$(inherited) @executable_path/Frameworks @loader_path/Frameworks";
				PRODUCT_BUNDLE_IDENTIFIER = Enroute.SkyUITests;
				PRODUCT_NAME = "$(TARGET_NAME)";
				SWIFT_VERSION = 4.0;
				TARGETED_DEVICE_FAMILY = "1,2";
				TEST_TARGET_NAME = Sky;
			};
			name = Release;
		};
/* End XCBuildConfiguration section */

/* Begin XCConfigurationList section */
		2CBA9B872057D0A400A65DC6 /* Build configuration list for PBXProject "Sky" */ = {
			isa = XCConfigurationList;
			buildConfigurations = (
				2CBA9BB22057D0A400A65DC6 /* Debug */,
				2CBA9BB32057D0A400A65DC6 /* Release */,
			);
			defaultConfigurationIsVisible = 0;
			defaultConfigurationName = Release;
		};
		2CBA9BB42057D0A400A65DC6 /* Build configuration list for PBXNativeTarget "Sky" */ = {
			isa = XCConfigurationList;
			buildConfigurations = (
				2CBA9BB52057D0A400A65DC6 /* Debug */,
				2CBA9BB62057D0A400A65DC6 /* Release */,
			);
			defaultConfigurationIsVisible = 0;
			defaultConfigurationName = Release;
		};
		2CBA9BB72057D0A400A65DC6 /* Build configuration list for PBXNativeTarget "SkyTests" */ = {
			isa = XCConfigurationList;
			buildConfigurations = (
				2CBA9BB82057D0A400A65DC6 /* Debug */,
				2CBA9BB92057D0A400A65DC6 /* Release */,
			);
			defaultConfigurationIsVisible = 0;
			defaultConfigurationName = Release;
		};
		2CBA9BBA2057D0A400A65DC6 /* Build configuration list for PBXNativeTarget "SkyUITests" */ = {
			isa = XCConfigurationList;
			buildConfigurations = (
				2CBA9BBB2057D0A400A65DC6 /* Debug */,
				2CBA9BBC2057D0A400A65DC6 /* Release */,
			);
			defaultConfigurationIsVisible = 0;
			defaultConfigurationName = Release;
		};
/* End XCConfigurationList section */
	};
	rootObject = 2CBA9B842057D0A400A65DC6 /* Project object */;
}
